
Microsoft Visual Studio Solution File, Format Version 12.00
# Visual Studio 15
VisualStudioVersion = 15.0.26124.0
MinimumVisualStudioVersion = 15.0.26124.0
Project("{2150E333-8FDC-42A3-9474-1A3956D46DE8}") = "src", "src", "{7CF5A12D-7F73-4C46-85CD-C3F6B34D06FE}"
EndProject
Project("{FAE04EC0-301F-11D3-BF4B-00C04F79EFBC}") = "CommandsAPI", "src\CommandsAPI\CommandsAPI.csproj", "{CA367F3E-8D50-4698-AACE-DF15E1212D9B}"
EndProject
Project("{2150E333-8FDC-42A3-9474-1A3956D46DE8}") = "test", "test", "{91653D39-7D7B-46EB-9C74-15EB8E95919E}"
EndProject
Project("{FAE04EC0-301F-11D3-BF4B-00C04F79EFBC}") = "CommandsAPI.Tests", "test\CommandsAPI.Tests\CommandsAPI.Tests.csproj", "{134ACB46-6005-4F13-A694-572875E5AA5F}"
EndProject
Global
	GlobalSection(SolutionConfigurationPlatforms) = preSolution
		Debug|Any CPU = Debug|Any CPU
		Debug|x64 = Debug|x64
		Debug|x86 = Debug|x86
		Release|Any CPU = Release|Any CPU
		Release|x64 = Release|x64
		Release|x86 = Release|x86
	EndGlobalSection
	GlobalSection(SolutionProperties) = preSolution
		HideSolutionNode = FALSE
	EndGlobalSection
	GlobalSection(ProjectConfigurationPlatforms) = postSolution
		{CA367F3E-8D50-4698-AACE-DF15E1212D9B}.Debug|Any CPU.ActiveCfg = Debug|Any CPU
		{CA367F3E-8D50-4698-AACE-DF15E1212D9B}.Debug|Any CPU.Build.0 = Debug|Any CPU
		{CA367F3E-8D50-4698-AACE-DF15E1212D9B}.Debug|x64.ActiveCfg = Debug|Any CPU
		{CA367F3E-8D50-4698-AACE-DF15E1212D9B}.Debug|x64.Build.0 = Debug|Any CPU
		{CA367F3E-8D50-4698-AACE-DF15E1212D9B}.Debug|x86.ActiveCfg = Debug|Any CPU
		{CA367F3E-8D50-4698-AACE-DF15E1212D9B}.Debug|x86.Build.0 = Debug|Any CPU
		{CA367F3E-8D50-4698-AACE-DF15E1212D9B}.Release|Any CPU.ActiveCfg = Release|Any CPU
		{CA367F3E-8D50-4698-AACE-DF15E1212D9B}.Release|Any CPU.Build.0 = Release|Any CPU
		{CA367F3E-8D50-4698-AACE-DF15E1212D9B}.Release|x64.ActiveCfg = Release|Any CPU
		{CA367F3E-8D50-4698-AACE-DF15E1212D9B}.Release|x64.Build.0 = Release|Any CPU
		{CA367F3E-8D50-4698-AACE-DF15E1212D9B}.Release|x86.ActiveCfg = Release|Any CPU
		{CA367F3E-8D50-4698-AACE-DF15E1212D9B}.Release|x86.Build.0 = Release|Any CPU
		{134ACB46-6005-4F13-A694-572875E5AA5F}.Debug|Any CPU.ActiveCfg = Debug|Any CPU
		{134ACB46-6005-4F13-A694-572875E5AA5F}.Debug|Any CPU.Build.0 = Debug|Any CPU
		{134ACB46-6005-4F13-A694-572875E5AA5F}.Debug|x64.ActiveCfg = Debug|Any CPU
		{134ACB46-6005-4F13-A694-572875E5AA5F}.Debug|x64.Build.0 = Debug|Any CPU
		{134ACB46-6005-4F13-A694-572875E5AA5F}.Debug|x86.ActiveCfg = Debug|Any CPU
		{134ACB46-6005-4F13-A694-572875E5AA5F}.Debug|x86.Build.0 = Debug|Any CPU
		{134ACB46-6005-4F13-A694-572875E5AA5F}.Release|Any CPU.ActiveCfg = Release|Any CPU
		{134ACB46-6005-4F13-A694-572875E5AA5F}.Release|Any CPU.Build.0 = Release|Any CPU
		{134ACB46-6005-4F13-A694-572875E5AA5F}.Release|x64.ActiveCfg = Release|Any CPU
		{134ACB46-6005-4F13-A694-572875E5AA5F}.Release|x64.Build.0 = Release|Any CPU
		{134ACB46-6005-4F13-A694-572875E5AA5F}.Release|x86.ActiveCfg = Release|Any CPU
		{134ACB46-6005-4F13-A694-572875E5AA5F}.Release|x86.Build.0 = Release|Any CPU
	EndGlobalSection
	GlobalSection(NestedProjects) = preSolution
		{CA367F3E-8D50-4698-AACE-DF15E1212D9B} = {7CF5A12D-7F73-4C46-85CD-C3F6B34D06FE}
		{134ACB46-6005-4F13-A694-572875E5AA5F} = {91653D39-7D7B-46EB-9C74-15EB8E95919E}
	EndGlobalSection
EndGlobal
